
Microsoft Visual Studio Solution File, Format Version 12.00
# Visual Studio Version 16
VisualStudioVersion = 16.0.31424.327
MinimumVisualStudioVersion = 10.0.40219.1
Project("{FAE04EC0-301F-11D3-BF4B-00C04F79EFBC}") = "RESTful API Practice", "RESTful API Practice\RESTful API Practice.csproj", "{AEEDD9E2-57BE-4245-8BD8-0609B5ABABF7}"
EndProject
Global
	GlobalSection(SolutionConfigurationPlatforms) = preSolution
		Debug|Any CPU = Debug|Any CPU
		Release|Any CPU = Release|Any CPU
	EndGlobalSection
	GlobalSection(ProjectConfigurationPlatforms) = postSolution
		{AEEDD9E2-57BE-4245-8BD8-0609B5ABABF7}.Debug|Any CPU.ActiveCfg = Debug|Any CPU
		{AEEDD9E2-57BE-4245-8BD8-0609B5ABABF7}.Debug|Any CPU.Build.0 = Debug|Any CPU
		{AEEDD9E2-57BE-4245-8BD8-0609B5ABABF7}.Release|Any CPU.ActiveCfg = Release|Any CPU
		{AEEDD9E2-57BE-4245-8BD8-0609B5ABABF7}.Release|Any CPU.Build.0 = Release|Any CPU
	EndGlobalSection
	GlobalSection(SolutionProperties) = preSolution
		HideSolutionNode = FALSE
	EndGlobalSection
	GlobalSection(ExtensibilityGlobals) = postSolution
		SolutionGuid = {57881195-4C3F-4B3E-9079-FAEA94B62B70}
	EndGlobalSection
EndGlobal
